# This file is automatically @generated by Cargo.
# It is not intended for manual editing.
version = 3

[[package]]
name = "bigint"
version = "4.4.3"
source = "registry+https://github.com/rust-lang/crates.io-index"
checksum = "c0e8c8a600052b52482eff2cf4d810e462fdff1f656ac1ecb6232132a1ed7def"
dependencies = [
 "byteorder",
 "crunchy",
]

[[package]]
name = "byteorder"
version = "1.4.3"
source = "registry+https://github.com/rust-lang/crates.io-index"
checksum = "14c189c53d098945499cdfa7ecc63567cf3886b3332b312a5b4585d8d3a6a610"

[[package]]
name = "crunchy"
version = "0.1.6"
source = "registry+https://github.com/rust-lang/crates.io-index"
checksum = "a2f4a431c5c9f662e1200b7c7f02c34e91361150e382089a8f2dec3ba680cbda"

[[package]]
name = "day01"
version = "0.1.0"
dependencies = [
 "util",
]

[[package]]
name = "day02"
version = "0.1.0"
dependencies = [
 "util",
]

[[package]]
name = "day02-traits"
version = "0.1.0"
dependencies = [
 "util",
]

[[package]]
name = "day03"
version = "0.1.0"
dependencies = [
 "util",
]

[[package]]
name = "day04"
version = "0.1.0"
dependencies = [
 "util",
]

[[package]]
name = "day05"
version = "0.1.0"
dependencies = [
 "util",
]

[[package]]
name = "day06"
version = "0.1.0"
dependencies = [
 "util",
]

[[package]]
name = "day07"
version = "0.1.0"
dependencies = [
 "util",
]

[[package]]
name = "day08"
version = "0.1.0"
dependencies = [
 "util",
]

[[package]]
name = "day09"
version = "0.1.0"
dependencies = [
 "util",
]

[[package]]
name = "day10"
version = "0.1.0"
dependencies = [
 "util",
]

[[package]]
name = "day11"
version = "0.1.0"
dependencies = [
 "bigint",
 "util",
]

[[package]]
name = "util"
version = "0.1.0"
